// !$*UTF8*$!
{
	archiveVersion = 1;
	classes = {
	};
	objectVersion = 51;
	objects = {

/* Begin PBXBuildFile section */
		204F2BEF0083D5BF934B65A9 /* Pods_AbdulNetworking.framework in Frameworks */ = {isa = PBXBuildFile; fileRef = 6177B5AB5BF84E619971E0B8 /* Pods_AbdulNetworking.framework */; };
		BEB03FE926A4392700E403EA /* AppDelegate.swift in Sources */ = {isa = PBXBuildFile; fileRef = BEB03FE826A4392700E403EA /* AppDelegate.swift */; };
		BEB03FEB26A4392700E403EA /* SceneDelegate.swift in Sources */ = {isa = PBXBuildFile; fileRef = BEB03FEA26A4392700E403EA /* SceneDelegate.swift */; };
		BEB03FED26A4392700E403EA /* ViewController.swift in Sources */ = {isa = PBXBuildFile; fileRef = BEB03FEC26A4392700E403EA /* ViewController.swift */; };
		BEB03FF026A4392700E403EA /* Main.storyboard in Resources */ = {isa = PBXBuildFile; fileRef = BEB03FEE26A4392700E403EA /* Main.storyboard */; };
		BEB03FF226A4392B00E403EA /* Assets.xcassets in Resources */ = {isa = PBXBuildFile; fileRef = BEB03FF126A4392B00E403EA /* Assets.xcassets */; };
		BEB03FF526A4392B00E403EA /* LaunchScreen.storyboard in Resources */ = {isa = PBXBuildFile; fileRef = BEB03FF326A4392B00E403EA /* LaunchScreen.storyboard */; };
		BEB0400526A43A2F00E403EA /* Network.swift in Sources */ = {isa = PBXBuildFile; fileRef = BEB0400426A43A2F00E403EA /* Network.swift */; };
		BEB0400726A43A3E00E403EA /* NetworkSupport.swift in Sources */ = {isa = PBXBuildFile; fileRef = BEB0400626A43A3D00E403EA /* NetworkSupport.swift */; };
		BEB0400C26A43CCD00E403EA /* JsonSerializing.swift in Sources */ = {isa = PBXBuildFile; fileRef = BEB0400B26A43CCD00E403EA /* JsonSerializing.swift */; };
		BEB0400E26A43D0A00E403EA /* Foundation.swift in Sources */ = {isa = PBXBuildFile; fileRef = BEB0400D26A43D0A00E403EA /* Foundation.swift */; };
		BEB0401026A43D9E00E403EA /* DataManager.swift in Sources */ = {isa = PBXBuildFile; fileRef = BEB0400F26A43D9E00E403EA /* DataManager.swift */; };
		BEB0401426A43DE000E403EA /* LoginRequest.swift in Sources */ = {isa = PBXBuildFile; fileRef = BEB0401326A43DE000E403EA /* LoginRequest.swift */; };
		BEB0401626A43E1300E403EA /* LoginResponse.swift in Sources */ = {isa = PBXBuildFile; fileRef = BEB0401526A43E1300E403EA /* LoginResponse.swift */; };
		BEB0401726A43F0F00E403EA /* UserAuthenticationService.swift in Sources */ = {isa = PBXBuildFile; fileRef = BEB0400826A43A5300E403EA /* UserAuthenticationService.swift */; };
/* End PBXBuildFile section */

/* Begin PBXFileReference section */
		34A152D916172E88E5878FEE /* Pods-AbdulNetworking.debug.xcconfig */ = {isa = PBXFileReference; includeInIndex = 1; lastKnownFileType = text.xcconfig; name = "Pods-AbdulNetworking.debug.xcconfig"; path = "Target Support Files/Pods-AbdulNetworking/Pods-AbdulNetworking.debug.xcconfig"; sourceTree = "<group>"; };
		6177B5AB5BF84E619971E0B8 /* Pods_AbdulNetworking.framework */ = {isa = PBXFileReference; explicitFileType = wrapper.framework; includeInIndex = 0; path = Pods_AbdulNetworking.framework; sourceTree = BUILT_PRODUCTS_DIR; };
		BEB03FE526A4392700E403EA /* AKNetworking.app */ = {isa = PBXFileReference; explicitFileType = wrapper.application; includeInIndex = 0; path = AKNetworking.app; sourceTree = BUILT_PRODUCTS_DIR; };
		BEB03FE826A4392700E403EA /* AppDelegate.swift */ = {isa = PBXFileReference; lastKnownFileType = sourcecode.swift; path = AppDelegate.swift; sourceTree = "<group>"; };
		BEB03FEA26A4392700E403EA /* SceneDelegate.swift */ = {isa = PBXFileReference; lastKnownFileType = sourcecode.swift; path = SceneDelegate.swift; sourceTree = "<group>"; };
		BEB03FEC26A4392700E403EA /* ViewController.swift */ = {isa = PBXFileReference; lastKnownFileType = sourcecode.swift; path = ViewController.swift; sourceTree = "<group>"; };
		BEB03FEF26A4392700E403EA /* Base */ = {isa = PBXFileReference; lastKnownFileType = file.storyboard; name = Base; path = Base.lproj/Main.storyboard; sourceTree = "<group>"; };
		BEB03FF126A4392B00E403EA /* Assets.xcassets */ = {isa = PBXFileReference; lastKnownFileType = folder.assetcatalog; path = Assets.xcassets; sourceTree = "<group>"; };
		BEB03FF426A4392B00E403EA /* Base */ = {isa = PBXFileReference; lastKnownFileType = file.storyboard; name = Base; path = Base.lproj/LaunchScreen.storyboard; sourceTree = "<group>"; };
		BEB03FF626A4392B00E403EA /* Info.plist */ = {isa = PBXFileReference; lastKnownFileType = text.plist.xml; path = Info.plist; sourceTree = "<group>"; };
		BEB0400426A43A2F00E403EA /* Network.swift */ = {isa = PBXFileReference; lastKnownFileType = sourcecode.swift; path = Network.swift; sourceTree = "<group>"; };
		BEB0400626A43A3D00E403EA /* NetworkSupport.swift */ = {isa = PBXFileReference; lastKnownFileType = sourcecode.swift; path = NetworkSupport.swift; sourceTree = "<group>"; };
		BEB0400826A43A5300E403EA /* UserAuthenticationService.swift */ = {isa = PBXFileReference; lastKnownFileType = sourcecode.swift; path = UserAuthenticationService.swift; sourceTree = "<group>"; };
		BEB0400B26A43CCD00E403EA /* JsonSerializing.swift */ = {isa = PBXFileReference; lastKnownFileType = sourcecode.swift; path = JsonSerializing.swift; sourceTree = "<group>"; };
		BEB0400D26A43D0A00E403EA /* Foundation.swift */ = {isa = PBXFileReference; lastKnownFileType = sourcecode.swift; path = Foundation.swift; sourceTree = "<group>"; };
		BEB0400F26A43D9E00E403EA /* DataManager.swift */ = {isa = PBXFileReference; lastKnownFileType = sourcecode.swift; path = DataManager.swift; sourceTree = "<group>"; };
		BEB0401326A43DE000E403EA /* LoginRequest.swift */ = {isa = PBXFileReference; lastKnownFileType = sourcecode.swift; path = LoginRequest.swift; sourceTree = "<group>"; };
		BEB0401526A43E1300E403EA /* LoginResponse.swift */ = {isa = PBXFileReference; lastKnownFileType = sourcecode.swift; path = LoginResponse.swift; sourceTree = "<group>"; };
		D1FEBE0508142EDC1F1CA35D /* Pods-AbdulNetworking.release.xcconfig */ = {isa = PBXFileReference; includeInIndex = 1; lastKnownFileType = text.xcconfig; name = "Pods-AbdulNetworking.release.xcconfig"; path = "Target Support Files/Pods-AbdulNetworking/Pods-AbdulNetworking.release.xcconfig"; sourceTree = "<group>"; };
/* End PBXFileReference section */

/* Begin PBXFrameworksBuildPhase section */
		BEB03FE226A4392700E403EA /* Frameworks */ = {
			isa = PBXFrameworksBuildPhase;
			buildActionMask = 2147483647;
			files = (
				204F2BEF0083D5BF934B65A9 /* Pods_AbdulNetworking.framework in Frameworks */,
			);
			runOnlyForDeploymentPostprocessing = 0;
		};
/* End PBXFrameworksBuildPhase section */

/* Begin PBXGroup section */
		40F16D3F9F5B2A8D4CE110AE /* Pods */ = {
			isa = PBXGroup;
			children = (
				34A152D916172E88E5878FEE /* Pods-AbdulNetworking.debug.xcconfig */,
				D1FEBE0508142EDC1F1CA35D /* Pods-AbdulNetworking.release.xcconfig */,
			);
			path = Pods;
			sourceTree = "<group>";
		};
		A6D7DE0B7DF6318B7B73AF9C /* Frameworks */ = {
			isa = PBXGroup;
			children = (
				6177B5AB5BF84E619971E0B8 /* Pods_AbdulNetworking.framework */,
			);
			name = Frameworks;
			sourceTree = "<group>";
		};
		BEB03FDC26A4392600E403EA = {
			isa = PBXGroup;
			children = (
				BEB03FE726A4392700E403EA /* AKNetworking */,
				BEB03FE626A4392700E403EA /* Products */,
				40F16D3F9F5B2A8D4CE110AE /* Pods */,
				A6D7DE0B7DF6318B7B73AF9C /* Frameworks */,
			);
			sourceTree = "<group>";
		};
		BEB03FE626A4392700E403EA /* Products */ = {
			isa = PBXGroup;
			children = (
				BEB03FE526A4392700E403EA /* AKNetworking.app */,
			);
			name = Products;
			sourceTree = "<group>";
		};
		BEB03FE726A4392700E403EA /* AKNetworking */ = {
			isa = PBXGroup;
			children = (
				BEB03FE826A4392700E403EA /* AppDelegate.swift */,
				BEB03FEA26A4392700E403EA /* SceneDelegate.swift */,
				BEB03FEC26A4392700E403EA /* ViewController.swift */,
				BEB03FFC26A4398A00E403EA /* Views */,
				BEB0400226A439D300E403EA /* Models */,
				BEB03FFF26A439AF00E403EA /* ViewModels */,
				BEB03FFE26A439A600E403EA /* Storyboards */,
				BEB0400326A439DF00E403EA /* Helpers */,
				BEB0400126A439C000E403EA /* DataManager */,
				BEB0400026A439B800E403EA /* Extensions */,
				BEB03FFD26A4399800E403EA /* Network */,
				BEB03FF126A4392B00E403EA /* Assets.xcassets */,
				BEB03FF626A4392B00E403EA /* Info.plist */,
			);
			path = AKNetworking;
			sourceTree = "<group>";
		};
		BEB03FFC26A4398A00E403EA /* Views */ = {
			isa = PBXGroup;
			children = (
			);
			name = Views;
			sourceTree = "<group>";
		};
		BEB03FFD26A4399800E403EA /* Network */ = {
			isa = PBXGroup;
			children = (
				BEB0400426A43A2F00E403EA /* Network.swift */,
				BEB0400626A43A3D00E403EA /* NetworkSupport.swift */,
				BEB0400A26A43A5E00E403EA /* Services */,
			);
			name = Network;
			sourceTree = "<group>";
		};
		BEB03FFE26A439A600E403EA /* Storyboards */ = {
			isa = PBXGroup;
			children = (
				BEB03FEE26A4392700E403EA /* Main.storyboard */,
				BEB03FF326A4392B00E403EA /* LaunchScreen.storyboard */,
			);
			name = Storyboards;
			sourceTree = "<group>";
		};
		BEB03FFF26A439AF00E403EA /* ViewModels */ = {
			isa = PBXGroup;
			children = (
			);
			name = ViewModels;
			sourceTree = "<group>";
		};
		BEB0400026A439B800E403EA /* Extensions */ = {
			isa = PBXGroup;
			children = (
				BEB0400D26A43D0A00E403EA /* Foundation.swift */,
			);
			name = Extensions;
			sourceTree = "<group>";
		};
		BEB0400126A439C000E403EA /* DataManager */ = {
			isa = PBXGroup;
			children = (
				BEB0400F26A43D9E00E403EA /* DataManager.swift */,
			);
			name = DataManager;
			sourceTree = "<group>";
		};
		BEB0400226A439D300E403EA /* Models */ = {
			isa = PBXGroup;
			children = (
				BEB0401226A43DCF00E403EA /* Responses */,
				BEB0401126A43DC900E403EA /* Requests */,
				BEB0400B26A43CCD00E403EA /* JsonSerializing.swift */,
			);
			name = Models;
			sourceTree = "<group>";
		};
		BEB0400326A439DF00E403EA /* Helpers */ = {
			isa = PBXGroup;
			children = (
			);
			name = Helpers;
			sourceTree = "<group>";
		};
		BEB0400A26A43A5E00E403EA /* Services */ = {
			isa = PBXGroup;
			children = (
				BEB0400826A43A5300E403EA /* UserAuthenticationService.swift */,
			);
			name = Services;
			sourceTree = "<group>";
		};
		BEB0401126A43DC900E403EA /* Requests */ = {
			isa = PBXGroup;
			children = (
				BEB0401326A43DE000E403EA /* LoginRequest.swift */,
			);
			name = Requests;
			sourceTree = "<group>";
		};
		BEB0401226A43DCF00E403EA /* Responses */ = {
			isa = PBXGroup;
			children = (
				BEB0401526A43E1300E403EA /* LoginResponse.swift */,
			);
			name = Responses;
			sourceTree = "<group>";
		};
/* End PBXGroup section */

/* Begin PBXNativeTarget section */
		BEB03FE426A4392700E403EA /* AKNetworking */ = {
			isa = PBXNativeTarget;
			buildConfigurationList = BEB03FF926A4392B00E403EA /* Build configuration list for PBXNativeTarget "AKNetworking" */;
			buildPhases = (
				DD737220FDA1050F424A99FE /* [CP] Check Pods Manifest.lock */,
				BEB03FE126A4392700E403EA /* Sources */,
				BEB03FE226A4392700E403EA /* Frameworks */,
				BEB03FE326A4392700E403EA /* Resources */,
				596C44CE3B1A0B9001514FC2 /* [CP] Embed Pods Frameworks */,
			);
			buildRules = (
			);
			dependencies = (
			);
			name = AKNetworking;
			productName = AbdulNetworking;
			productReference = BEB03FE526A4392700E403EA /* AKNetworking.app */;
			productType = "com.apple.product-type.application";
		};
/* End PBXNativeTarget section */

/* Begin PBXProject section */
		BEB03FDD26A4392700E403EA /* Project object */ = {
			isa = PBXProject;
			attributes = {
				LastSwiftUpdateCheck = 1250;
				LastUpgradeCheck = 1250;
				TargetAttributes = {
					BEB03FE426A4392700E403EA = {
						CreatedOnToolsVersion = 12.5.1;
					};
				};
			};
			buildConfigurationList = BEB03FE026A4392700E403EA /* Build configuration list for PBXProject "AKNetworking" */;
			compatibilityVersion = "Xcode 9.3";
			developmentRegion = en;
			hasScannedForEncodings = 0;
			knownRegions = (
				en,
				Base,
			);
			mainGroup = BEB03FDC26A4392600E403EA;
			productRefGroup = BEB03FE626A4392700E403EA /* Products */;
			projectDirPath = "";
			projectRoot = "";
			targets = (
				BEB03FE426A4392700E403EA /* AKNetworking */,
			);
		};
/* End PBXProject section */

/* Begin PBXResourcesBuildPhase section */
		BEB03FE326A4392700E403EA /* Resources */ = {
			isa = PBXResourcesBuildPhase;
			buildActionMask = 2147483647;
			files = (
				BEB03FF526A4392B00E403EA /* LaunchScreen.storyboard in Resources */,
				BEB03FF226A4392B00E403EA /* Assets.xcassets in Resources */,
				BEB03FF026A4392700E403EA /* Main.storyboard in Resources */,
			);
			runOnlyForDeploymentPostprocessing = 0;
		};
/* End PBXResourcesBuildPhase section */

/* Begin PBXShellScriptBuildPhase section */
		596C44CE3B1A0B9001514FC2 /* [CP] Embed Pods Frameworks */ = {
			isa = PBXShellScriptBuildPhase;
			buildActionMask = 2147483647;
			files = (
			);
			inputFileListPaths = (
				"${PODS_ROOT}/Target Support Files/Pods-AbdulNetworking/Pods-AbdulNetworking-frameworks-${CONFIGURATION}-input-files.xcfilelist",
			);
			name = "[CP] Embed Pods Frameworks";
			outputFileListPaths = (
				"${PODS_ROOT}/Target Support Files/Pods-AbdulNetworking/Pods-AbdulNetworking-frameworks-${CONFIGURATION}-output-files.xcfilelist",
			);
			runOnlyForDeploymentPostprocessing = 0;
			shellPath = /bin/sh;
			shellScript = "\"${PODS_ROOT}/Target Support Files/Pods-AbdulNetworking/Pods-AbdulNetworking-frameworks.sh\"\n";
			showEnvVarsInLog = 0;
		};
		DD737220FDA1050F424A99FE /* [CP] Check Pods Manifest.lock */ = {
			isa = PBXShellScriptBuildPhase;
			buildActionMask = 2147483647;
			files = (
			);
			inputFileListPaths = (
			);
			inputPaths = (
				"${PODS_PODFILE_DIR_PATH}/Podfile.lock",
				"${PODS_ROOT}/Manifest.lock",
			);
			name = "[CP] Check Pods Manifest.lock";
			outputFileListPaths = (
			);
			outputPaths = (
				"$(DERIVED_FILE_DIR)/Pods-AbdulNetworking-checkManifestLockResult.txt",
			);
			runOnlyForDeploymentPostprocessing = 0;
			shellPath = /bin/sh;
			shellScript = "diff \"${PODS_PODFILE_DIR_PATH}/Podfile.lock\" \"${PODS_ROOT}/Manifest.lock\" > /dev/null\nif [ $? != 0 ] ; then\n    # print error to STDERR\n    echo \"error: The sandbox is not in sync with the Podfile.lock. Run 'pod install' or update your CocoaPods installation.\" >&2\n    exit 1\nfi\n# This output is used by Xcode 'outputs' to avoid re-running this script phase.\necho \"SUCCESS\" > \"${SCRIPT_OUTPUT_FILE_0}\"\n";
			showEnvVarsInLog = 0;
		};
/* End PBXShellScriptBuildPhase section */

/* Begin PBXSourcesBuildPhase section */
		BEB03FE126A4392700E403EA /* Sources */ = {
			isa = PBXSourcesBuildPhase;
			buildActionMask = 2147483647;
			files = (
				BEB0401726A43F0F00E403EA /* UserAuthenticationService.swift in Sources */,
				BEB0400726A43A3E00E403EA /* NetworkSupport.swift in Sources */,
				BEB03FED26A4392700E403EA /* ViewController.swift in Sources */,
				BEB0400E26A43D0A00E403EA /* Foundation.swift in Sources */,
				BEB0401426A43DE000E403EA /* LoginRequest.swift in Sources */,
				BEB03FE926A4392700E403EA /* AppDelegate.swift in Sources */,
				BEB0400C26A43CCD00E403EA /* JsonSerializing.swift in Sources */,
				BEB0400526A43A2F00E403EA /* Network.swift in Sources */,
				BEB0401026A43D9E00E403EA /* DataManager.swift in Sources */,
				BEB0401626A43E1300E403EA /* LoginResponse.swift in Sources */,
				BEB03FEB26A4392700E403EA /* SceneDelegate.swift in Sources */,
			);
			runOnlyForDeploymentPostprocessing = 0;
		};
/* End PBXSourcesBuildPhase section */

/* Begin PBXVariantGroup section */
		BEB03FEE26A4392700E403EA /* Main.storyboard */ = {
			isa = PBXVariantGroup;
			children = (
				BEB03FEF26A4392700E403EA /* Base */,
			);
			name = Main.storyboard;
			sourceTree = "<group>";
		};
		BEB03FF326A4392B00E403EA /* LaunchScreen.storyboard */ = {
			isa = PBXVariantGroup;
			children = (
				BEB03FF426A4392B00E403EA /* Base */,
			);
			name = LaunchScreen.storyboard;
			sourceTree = "<group>";
		};
/* End PBXVariantGroup section */

/* Begin XCBuildConfiguration section */
		BEB03FF726A4392B00E403EA /* Debug */ = {
			isa = XCBuildConfiguration;
			buildSettings = {
				ALWAYS_SEARCH_USER_PATHS = NO;
				CLANG_ANALYZER_NONNULL = YES;
				CLANG_ANALYZER_NUMBER_OBJECT_CONVERSION = YES_AGGRESSIVE;
				CLANG_CXX_LANGUAGE_STANDARD = "gnu++14";
				CLANG_CXX_LIBRARY = "libc++";
				CLANG_ENABLE_MODULES = YES;
				CLANG_ENABLE_OBJC_ARC = YES;
				CLANG_ENABLE_OBJC_WEAK = YES;
				CLANG_WARN_BLOCK_CAPTURE_AUTORELEASING = YES;
				CLANG_WARN_BOOL_CONVERSION = YES;
				CLANG_WARN_COMMA = YES;
				CLANG_WARN_CONSTANT_CONVERSION = YES;
				CLANG_WARN_DEPRECATED_OBJC_IMPLEMENTATIONS = YES;
				CLANG_WARN_DIRECT_OBJC_ISA_USAGE = YES_ERROR;
				CLANG_WARN_DOCUMENTATION_COMMENTS = YES;
				CLANG_WARN_EMPTY_BODY = YES;
				CLANG_WARN_ENUM_CONVERSION = YES;
				CLANG_WARN_INFINITE_RECURSION = YES;
				CLANG_WARN_INT_CONVERSION = YES;
				CLANG_WARN_NON_LITERAL_NULL_CONVERSION = YES;
				CLANG_WARN_OBJC_IMPLICIT_RETAIN_SELF = YES;
				CLANG_WARN_OBJC_LITERAL_CONVERSION = YES;
				CLANG_WARN_OBJC_ROOT_CLASS = YES_ERROR;
				CLANG_WARN_QUOTED_INCLUDE_IN_FRAMEWORK_HEADER = YES;
				CLANG_WARN_RANGE_LOOP_ANALYSIS = YES;
				CLANG_WARN_STRICT_PROTOTYPES = YES;
				CLANG_WARN_SUSPICIOUS_MOVE = YES;
				CLANG_WARN_UNGUARDED_AVAILABILITY = YES_AGGRESSIVE;
				CLANG_WARN_UNREACHABLE_CODE = YES;
				CLANG_WARN__DUPLICATE_METHOD_MATCH = YES;
				COPY_PHASE_STRIP = NO;
				DEBUG_INFORMATION_FORMAT = dwarf;
				ENABLE_STRICT_OBJC_MSGSEND = YES;
				ENABLE_TESTABILITY = YES;
				GCC_C_LANGUAGE_STANDARD = gnu11;
				GCC_DYNAMIC_NO_PIC = NO;
				GCC_NO_COMMON_BLOCKS = YES;
				GCC_OPTIMIZATION_LEVEL = 0;
				GCC_PREPROCESSOR_DEFINITIONS = (
					"DEBUG=1",
					"$(inherited)",
				);
				GCC_WARN_64_TO_32_BIT_CONVERSION = YES;
				GCC_WARN_ABOUT_RETURN_TYPE = YES_ERROR;
				GCC_WARN_UNDECLARED_SELECTOR = YES;
				GCC_WARN_UNINITIALIZED_AUTOS = YES_AGGRESSIVE;
				GCC_WARN_UNUSED_FUNCTION = YES;
				GCC_WARN_UNUSED_VARIABLE = YES;
				IPHONEOS_DEPLOYMENT_TARGET = 14.5;
				MTL_ENABLE_DEBUG_INFO = INCLUDE_SOURCE;
				MTL_FAST_MATH = YES;
				ONLY_ACTIVE_ARCH = YES;
				SDKROOT = iphoneos;
				SWIFT_ACTIVE_COMPILATION_CONDITIONS = DEBUG;
				SWIFT_OPTIMIZATION_LEVEL = "-Onone";
			};
			name = Debug;
		};
		BEB03FF826A4392B00E403EA /* Release */ = {
			isa = XCBuildConfiguration;
			buildSettings = {
				ALWAYS_SEARCH_USER_PATHS = NO;
				CLANG_ANALYZER_NONNULL = YES;
				CLANG_ANALYZER_NUMBER_OBJECT_CONVERSION = YES_AGGRESSIVE;
				CLANG_CXX_LANGUAGE_STANDARD = "gnu++14";
				CLANG_CXX_LIBRARY = "libc++";
				CLANG_ENABLE_MODULES = YES;
				CLANG_ENABLE_OBJC_ARC = YES;
				CLANG_ENABLE_OBJC_WEAK = YES;
				CLANG_WARN_BLOCK_CAPTURE_AUTORELEASING = YES;
				CLANG_WARN_BOOL_CONVERSION = YES;
				CLANG_WARN_COMMA = YES;
				CLANG_WARN_CONSTANT_CONVERSION = YES;
				CLANG_WARN_DEPRECATED_OBJC_IMPLEMENTATIONS = YES;
				CLANG_WARN_DIRECT_OBJC_ISA_USAGE = YES_ERROR;
				CLANG_WARN_DOCUMENTATION_COMMENTS = YES;
				CLANG_WARN_EMPTY_BODY = YES;
				CLANG_WARN_ENUM_CONVERSION = YES;
				CLANG_WARN_INFINITE_RECURSION = YES;
				CLANG_WARN_INT_CONVERSION = YES;
				CLANG_WARN_NON_LITERAL_NULL_CONVERSION = YES;
				CLANG_WARN_OBJC_IMPLICIT_RETAIN_SELF = YES;
				CLANG_WARN_OBJC_LITERAL_CONVERSION = YES;
				CLANG_WARN_OBJC_ROOT_CLASS = YES_ERROR;
				CLANG_WARN_QUOTED_INCLUDE_IN_FRAMEWORK_HEADER = YES;
				CLANG_WARN_RANGE_LOOP_ANALYSIS = YES;
				CLANG_WARN_STRICT_PROTOTYPES = YES;
				CLANG_WARN_SUSPICIOUS_MOVE = YES;
				CLANG_WARN_UNGUARDED_AVAILABILITY = YES_AGGRESSIVE;
				CLANG_WARN_UNREACHABLE_CODE = YES;
				CLANG_WARN__DUPLICATE_METHOD_MATCH = YES;
				COPY_PHASE_STRIP = NO;
				DEBUG_INFORMATION_FORMAT = "dwarf-with-dsym";
				ENABLE_NS_ASSERTIONS = NO;
				ENABLE_STRICT_OBJC_MSGSEND = YES;
				GCC_C_LANGUAGE_STANDARD = gnu11;
				GCC_NO_COMMON_BLOCKS = YES;
				GCC_WARN_64_TO_32_BIT_CONVERSION = YES;
				GCC_WARN_ABOUT_RETURN_TYPE = YES_ERROR;
				GCC_WARN_UNDECLARED_SELECTOR = YES;
				GCC_WARN_UNINITIALIZED_AUTOS = YES_AGGRESSIVE;
				GCC_WARN_UNUSED_FUNCTION = YES;
				GCC_WARN_UNUSED_VARIABLE = YES;
				IPHONEOS_DEPLOYMENT_TARGET = 14.5;
				MTL_ENABLE_DEBUG_INFO = NO;
				MTL_FAST_MATH = YES;
				SDKROOT = iphoneos;
				SWIFT_COMPILATION_MODE = wholemodule;
				SWIFT_OPTIMIZATION_LEVEL = "-O";
				VALIDATE_PRODUCT = YES;
			};
			name = Release;
		};
		BEB03FFA26A4392B00E403EA /* Debug */ = {
			isa = XCBuildConfiguration;
			baseConfigurationReference = 34A152D916172E88E5878FEE /* Pods-AbdulNetworking.debug.xcconfig */;
			buildSettings = {
				ASSETCATALOG_COMPILER_APPICON_NAME = AppIcon;
				ASSETCATALOG_COMPILER_GLOBAL_ACCENT_COLOR_NAME = AccentColor;
				CODE_SIGN_STYLE = Automatic;
				DEVELOPMENT_TEAM = 259UWG76MC;
				INFOPLIST_FILE = AbdulNetworking/Info.plist;
				LD_RUNPATH_SEARCH_PATHS = (
					"$(inherited)",
					"@executable_path/Frameworks",
				);
				PRODUCT_BUNDLE_IDENTIFIER = com.aknetwork.app.AbdulNetworking;
				PRODUCT_NAME = "$(TARGET_NAME)";
				SWIFT_VERSION = 5.0;
				TARGETED_DEVICE_FAMILY = "1,2";
			};
			name = Debug;
		};
		BEB03FFB26A4392B00E403EA /* Release */ = {
			isa = XCBuildConfiguration;
			baseConfigurationReference = D1FEBE0508142EDC1F1CA35D /* Pods-AbdulNetworking.release.xcconfig */;
			buildSettings = {
				ASSETCATALOG_COMPILER_APPICON_NAME = AppIcon;
				ASSETCATALOG_COMPILER_GLOBAL_ACCENT_COLOR_NAME = AccentColor;
				CODE_SIGN_STYLE = Automatic;
				DEVELOPMENT_TEAM = 259UWG76MC;
				INFOPLIST_FILE = AbdulNetworking/Info.plist;
				LD_RUNPATH_SEARCH_PATHS = (
					"$(inherited)",
					"@executable_path/Frameworks",
				);
				PRODUCT_BUNDLE_IDENTIFIER = com.aknetwork.app.AbdulNetworking;
				PRODUCT_NAME = "$(TARGET_NAME)";
				SWIFT_VERSION = 5.0;
				TARGETED_DEVICE_FAMILY = "1,2";
			};
			name = Release;
		};
/* End XCBuildConfiguration section */

/* Begin XCConfigurationList section */
		BEB03FE026A4392700E403EA /* Build configuration list for PBXProject "AKNetworking" */ = {
			isa = XCConfigurationList;
			buildConfigurations = (
				BEB03FF726A4392B00E403EA /* Debug */,
				BEB03FF826A4392B00E403EA /* Release */,
			);
			defaultConfigurationIsVisible = 0;
			defaultConfigurationName = Release;
		};
		BEB03FF926A4392B00E403EA /* Build configuration list for PBXNativeTarget "AKNetworking" */ = {
			isa = XCConfigurationList;
			buildConfigurations = (
				BEB03FFA26A4392B00E403EA /* Debug */,
				BEB03FFB26A4392B00E403EA /* Release */,
			);
			defaultConfigurationIsVisible = 0;
			defaultConfigurationName = Release;
		};
/* End XCConfigurationList section */
	};
	rootObject = BEB03FDD26A4392700E403EA /* Project object */;
}
